
Microsoft Visual Studio Solution File, Format Version 12.00
# Visual Studio Version 16
VisualStudioVersion = 16.0.29411.108
MinimumVisualStudioVersion = 10.0.40219.1
Project("{FAE04EC0-301F-11D3-BF4B-00C04F79EFBC}") = "proyectoFinal_fum-Pogram", "proyectoFinal_fum-Pogram.csproj", "{30E15B20-AA10-442C-B7DB-A512FD8F43F3}"
EndProject
Global
	GlobalSection(SolutionConfigurationPlatforms) = preSolution
		Debug|Any CPU = Debug|Any CPU
		Release|Any CPU = Release|Any CPU
	EndGlobalSection
	GlobalSection(ProjectConfigurationPlatforms) = postSolution
		{30E15B20-AA10-442C-B7DB-A512FD8F43F3}.Debug|Any CPU.ActiveCfg = Debug|Any CPU
		{30E15B20-AA10-442C-B7DB-A512FD8F43F3}.Debug|Any CPU.Build.0 = Debug|Any CPU
		{30E15B20-AA10-442C-B7DB-A512FD8F43F3}.Release|Any CPU.ActiveCfg = Release|Any CPU
		{30E15B20-AA10-442C-B7DB-A512FD8F43F3}.Release|Any CPU.Build.0 = Release|Any CPU
	EndGlobalSection
	GlobalSection(SolutionProperties) = preSolution
		HideSolutionNode = FALSE
	EndGlobalSection
	GlobalSection(ExtensibilityGlobals) = postSolution
		SolutionGuid = {BA5B2FE2-3D86-44E1-B173-79D02D27D386}
	EndGlobalSection
EndGlobal
